
Microsoft Visual Studio Solution File, Format Version 12.00
# Visual Studio 2012
Project("{FAE04EC0-301F-11D3-BF4B-00C04F79EFBC}") = "WebTester", "WebTester\WebTester.csproj", "{1D41B938-58C5-4C32-9C19-D507A63D3723}"
EndProject
Global
	GlobalSection(TeamFoundationVersionControl) = preSolution
		SccNumberOfProjects = 2
		SccEnterpriseProvider = {4CA58AB2-18FA-4F8D-95D4-32DDF27D184C}
		SccTeamFoundationServer = http://vmstfs12pda003:8080/tfs/msft%20bi
		SccLocalPath0 = .
		SccProjectUniqueName1 = WebTester\\WebTester.csproj
		SccProjectName1 = WebTester
		SccLocalPath1 = WebTester
	EndGlobalSection
	GlobalSection(SolutionConfigurationPlatforms) = preSolution
		Debug|Any CPU = Debug|Any CPU
		Release|Any CPU = Release|Any CPU
	EndGlobalSection
	GlobalSection(ProjectConfigurationPlatforms) = postSolution
		{1D41B938-58C5-4C32-9C19-D507A63D3723}.Debug|Any CPU.ActiveCfg = Debug|Any CPU
		{1D41B938-58C5-4C32-9C19-D507A63D3723}.Debug|Any CPU.Build.0 = Debug|Any CPU
		{1D41B938-58C5-4C32-9C19-D507A63D3723}.Release|Any CPU.ActiveCfg = Release|Any CPU
		{1D41B938-58C5-4C32-9C19-D507A63D3723}.Release|Any CPU.Build.0 = Release|Any CPU
	EndGlobalSection
	GlobalSection(SolutionProperties) = preSolution
		HideSolutionNode = FALSE
	EndGlobalSection
EndGlobal
